
Microsoft Visual Studio Solution File, Format Version 12.00
# Visual Studio Version 17
VisualStudioVersion = 17.13.35806.99 d17.13
MinimumVisualStudioVersion = 10.0.40219.1
Project("{FAE04EC0-301F-11D3-BF4B-00C04F79EFBC}") = "signalR_with_SqlDependency", "signalR_with_SqlDependency\signalR_with_SqlDependency.csproj", "{0D9E0958-4264-407B-91C2-990959EAECE9}"
EndProject
Global
	GlobalSection(SolutionConfigurationPlatforms) = preSolution
		Debug|Any CPU = Debug|Any CPU
		Release|Any CPU = Release|Any CPU
	EndGlobalSection
	GlobalSection(ProjectConfigurationPlatforms) = postSolution
		{0D9E0958-4264-407B-91C2-990959EAECE9}.Debug|Any CPU.ActiveCfg = Debug|Any CPU
		{0D9E0958-4264-407B-91C2-990959EAECE9}.Debug|Any CPU.Build.0 = Debug|Any CPU
		{0D9E0958-4264-407B-91C2-990959EAECE9}.Release|Any CPU.ActiveCfg = Release|Any CPU
		{0D9E0958-4264-407B-91C2-990959EAECE9}.Release|Any CPU.Build.0 = Release|Any CPU
	EndGlobalSection
	GlobalSection(SolutionProperties) = preSolution
		HideSolutionNode = FALSE
	EndGlobalSection
	GlobalSection(ExtensibilityGlobals) = postSolution
		SolutionGuid = {616C583E-6106-4E00-AA4A-60231DFFEA91}
	EndGlobalSection
EndGlobal
